// !$*UTF8*$!
{
	archiveVersion = 1;
	classes = {
	};
	objectVersion = 56;
	objects = {

/* Begin PBXBuildFile section */
		3F080E3E2A0D52EC0079F252 /* RecipeView.swift in Sources */ = {isa = PBXBuildFile; fileRef = 3F080E3D2A0D52EC0079F252 /* RecipeView.swift */; };
		3F36794429FAE0E900CFAB9B /* Assets.xcassets in Resources */ = {isa = PBXBuildFile; fileRef = 3F36794329FAE0E900CFAB9B /* Assets.xcassets */; };
		3F36794729FAE0E900CFAB9B /* Preview Assets.xcassets in Resources */ = {isa = PBXBuildFile; fileRef = 3F36794629FAE0E900CFAB9B /* Preview Assets.xcassets */; };
		3F6F99FB2A0BFBDE00967AAB /* BuscaV2View.swift in Sources */ = {isa = PBXBuildFile; fileRef = 3F6F99F12A0BFBDD00967AAB /* BuscaV2View.swift */; };
		3F6F99FC2A0BFBDE00967AAB /* ViewModel.swift in Sources */ = {isa = PBXBuildFile; fileRef = 3F6F99F22A0BFBDD00967AAB /* ViewModel.swift */; };
		3F6F99FE2A0BFBDE00967AAB /* ContentView.swift in Sources */ = {isa = PBXBuildFile; fileRef = 3F6F99F42A0BFBDE00967AAB /* ContentView.swift */; };
		3F6F9A002A0BFBDE00967AAB /* ListasView.swift in Sources */ = {isa = PBXBuildFile; fileRef = 3F6F99F62A0BFBDE00967AAB /* ListasView.swift */; };
		3F6F9A012A0BFBDE00967AAB /* FiltroIngDesejadosView.swift in Sources */ = {isa = PBXBuildFile; fileRef = 3F6F99F72A0BFBDE00967AAB /* FiltroIngDesejadosView.swift */; };
		3F6F9A022A0BFBDE00967AAB /* InicialView.swift in Sources */ = {isa = PBXBuildFile; fileRef = 3F6F99F82A0BFBDE00967AAB /* InicialView.swift */; };
		3F6F9A032A0BFBDE00967AAB /* PerfilView.swift in Sources */ = {isa = PBXBuildFile; fileRef = 3F6F99F92A0BFBDE00967AAB /* PerfilView.swift */; };
		3F6F9A042A0BFBDE00967AAB /* SousChefApp.swift in Sources */ = {isa = PBXBuildFile; fileRef = 3F6F99FA2A0BFBDE00967AAB /* SousChefApp.swift */; };
		3F6F9A0D2A0BFC2F00967AAB /* QResultadoIngrediente.swift in Sources */ = {isa = PBXBuildFile; fileRef = 3F6F9A092A0BFC2F00967AAB /* QResultadoIngrediente.swift */; };
		3F6F9A0E2A0BFC2F00967AAB /* ReceitaStruct.swift in Sources */ = {isa = PBXBuildFile; fileRef = 3F6F9A0A2A0BFC2F00967AAB /* ReceitaStruct.swift */; };
		3F6F9A0F2A0BFC2F00967AAB /* QResultadoReceita.swift in Sources */ = {isa = PBXBuildFile; fileRef = 3F6F9A0B2A0BFC2F00967AAB /* QResultadoReceita.swift */; };
		3F6F9A102A0BFC2F00967AAB /* IngredienteStruct.swift in Sources */ = {isa = PBXBuildFile; fileRef = 3F6F9A0C2A0BFC2F00967AAB /* IngredienteStruct.swift */; };
		3F6F9A122A0BFCA900967AAB /* AuxFunctions.swift in Sources */ = {isa = PBXBuildFile; fileRef = 3F6F9A112A0BFCA800967AAB /* AuxFunctions.swift */; };
		3F6F9A162A0C084200967AAB /* FiltroIngRestritosView.swift in Sources */ = {isa = PBXBuildFile; fileRef = 3F6F9A152A0C084200967AAB /* FiltroIngRestritosView.swift */; };
/* End PBXBuildFile section */

/* Begin PBXFileReference section */
		3F080E3D2A0D52EC0079F252 /* RecipeView.swift */ = {isa = PBXFileReference; fileEncoding = 4; lastKnownFileType = sourcecode.swift; path = RecipeView.swift; sourceTree = "<group>"; };
		3F36793C29FAE0E700CFAB9B /* SousChef.app */ = {isa = PBXFileReference; explicitFileType = wrapper.application; includeInIndex = 0; path = SousChef.app; sourceTree = BUILT_PRODUCTS_DIR; };
		3F36794329FAE0E900CFAB9B /* Assets.xcassets */ = {isa = PBXFileReference; lastKnownFileType = folder.assetcatalog; path = Assets.xcassets; sourceTree = "<group>"; };
		3F36794629FAE0E900CFAB9B /* Preview Assets.xcassets */ = {isa = PBXFileReference; lastKnownFileType = folder.assetcatalog; path = "Preview Assets.xcassets"; sourceTree = "<group>"; };
		3F6F99F12A0BFBDD00967AAB /* BuscaV2View.swift */ = {isa = PBXFileReference; fileEncoding = 4; lastKnownFileType = sourcecode.swift; path = BuscaV2View.swift; sourceTree = "<group>"; };
		3F6F99F22A0BFBDD00967AAB /* ViewModel.swift */ = {isa = PBXFileReference; fileEncoding = 4; lastKnownFileType = sourcecode.swift; path = ViewModel.swift; sourceTree = "<group>"; };
		3F6F99F42A0BFBDE00967AAB /* ContentView.swift */ = {isa = PBXFileReference; fileEncoding = 4; lastKnownFileType = sourcecode.swift; path = ContentView.swift; sourceTree = "<group>"; };
		3F6F99F62A0BFBDE00967AAB /* ListasView.swift */ = {isa = PBXFileReference; fileEncoding = 4; lastKnownFileType = sourcecode.swift; path = ListasView.swift; sourceTree = "<group>"; };
		3F6F99F72A0BFBDE00967AAB /* FiltroIngDesejadosView.swift */ = {isa = PBXFileReference; fileEncoding = 4; lastKnownFileType = sourcecode.swift; path = FiltroIngDesejadosView.swift; sourceTree = "<group>"; };
		3F6F99F82A0BFBDE00967AAB /* InicialView.swift */ = {isa = PBXFileReference; fileEncoding = 4; lastKnownFileType = sourcecode.swift; path = InicialView.swift; sourceTree = "<group>"; };
		3F6F99F92A0BFBDE00967AAB /* PerfilView.swift */ = {isa = PBXFileReference; fileEncoding = 4; lastKnownFileType = sourcecode.swift; path = PerfilView.swift; sourceTree = "<group>"; };
		3F6F99FA2A0BFBDE00967AAB /* SousChefApp.swift */ = {isa = PBXFileReference; fileEncoding = 4; lastKnownFileType = sourcecode.swift; path = SousChefApp.swift; sourceTree = "<group>"; };
		3F6F9A092A0BFC2F00967AAB /* QResultadoIngrediente.swift */ = {isa = PBXFileReference; fileEncoding = 4; lastKnownFileType = sourcecode.swift; path = QResultadoIngrediente.swift; sourceTree = "<group>"; };
		3F6F9A0A2A0BFC2F00967AAB /* ReceitaStruct.swift */ = {isa = PBXFileReference; fileEncoding = 4; lastKnownFileType = sourcecode.swift; path = ReceitaStruct.swift; sourceTree = "<group>"; };
		3F6F9A0B2A0BFC2F00967AAB /* QResultadoReceita.swift */ = {isa = PBXFileReference; fileEncoding = 4; lastKnownFileType = sourcecode.swift; path = QResultadoReceita.swift; sourceTree = "<group>"; };
		3F6F9A0C2A0BFC2F00967AAB /* IngredienteStruct.swift */ = {isa = PBXFileReference; fileEncoding = 4; lastKnownFileType = sourcecode.swift; path = IngredienteStruct.swift; sourceTree = "<group>"; };
		3F6F9A112A0BFCA800967AAB /* AuxFunctions.swift */ = {isa = PBXFileReference; fileEncoding = 4; lastKnownFileType = sourcecode.swift; path = AuxFunctions.swift; sourceTree = "<group>"; };
		3F6F9A152A0C084200967AAB /* FiltroIngRestritosView.swift */ = {isa = PBXFileReference; fileEncoding = 4; lastKnownFileType = sourcecode.swift; path = FiltroIngRestritosView.swift; sourceTree = "<group>"; };
/* End PBXFileReference section */

/* Begin PBXFrameworksBuildPhase section */
		3F36793929FAE0E700CFAB9B /* Frameworks */ = {
			isa = PBXFrameworksBuildPhase;
			buildActionMask = 2147483647;
			files = (
			);
			runOnlyForDeploymentPostprocessing = 0;
		};
/* End PBXFrameworksBuildPhase section */

/* Begin PBXGroup section */
		3F36793329FAE0E700CFAB9B = {
			isa = PBXGroup;
			children = (
				3F36793E29FAE0E700CFAB9B /* SousChef */,
				3F36793D29FAE0E700CFAB9B /* Products */,
			);
			sourceTree = "<group>";
		};
		3F36793D29FAE0E700CFAB9B /* Products */ = {
			isa = PBXGroup;
			children = (
				3F36793C29FAE0E700CFAB9B /* SousChef.app */,
			);
			name = Products;
			sourceTree = "<group>";
		};
		3F36793E29FAE0E700CFAB9B /* SousChef */ = {
			isa = PBXGroup;
			children = (
				3F080E3D2A0D52EC0079F252 /* RecipeView.swift */,
				3F6F9A152A0C084200967AAB /* FiltroIngRestritosView.swift */,
				3F6F9A112A0BFCA800967AAB /* AuxFunctions.swift */,
				3F6F9A0C2A0BFC2F00967AAB /* IngredienteStruct.swift */,
				3F6F9A092A0BFC2F00967AAB /* QResultadoIngrediente.swift */,
				3F6F9A0B2A0BFC2F00967AAB /* QResultadoReceita.swift */,
				3F6F9A0A2A0BFC2F00967AAB /* ReceitaStruct.swift */,
				3F6F99F12A0BFBDD00967AAB /* BuscaV2View.swift */,
				3F6F99F42A0BFBDE00967AAB /* ContentView.swift */,
				3F6F99F72A0BFBDE00967AAB /* FiltroIngDesejadosView.swift */,
				3F6F99F82A0BFBDE00967AAB /* InicialView.swift */,
				3F6F99F62A0BFBDE00967AAB /* ListasView.swift */,
				3F6F99F92A0BFBDE00967AAB /* PerfilView.swift */,
				3F6F99FA2A0BFBDE00967AAB /* SousChefApp.swift */,
				3F6F99F22A0BFBDD00967AAB /* ViewModel.swift */,
				3F36794329FAE0E900CFAB9B /* Assets.xcassets */,
				3F36794529FAE0E900CFAB9B /* Preview Content */,
			);
			path = SousChef;
			sourceTree = "<group>";
		};
		3F36794529FAE0E900CFAB9B /* Preview Content */ = {
			isa = PBXGroup;
			children = (
				3F36794629FAE0E900CFAB9B /* Preview Assets.xcassets */,
			);
			path = "Preview Content";
			sourceTree = "<group>";
		};
/* End PBXGroup section */

/* Begin PBXNativeTarget section */
		3F36793B29FAE0E700CFAB9B /* SousChef */ = {
			isa = PBXNativeTarget;
			buildConfigurationList = 3F36794A29FAE0E900CFAB9B /* Build configuration list for PBXNativeTarget "SousChef" */;
			buildPhases = (
				3F36793829FAE0E700CFAB9B /* Sources */,
				3F36793929FAE0E700CFAB9B /* Frameworks */,
				3F36793A29FAE0E700CFAB9B /* Resources */,
			);
			buildRules = (
			);
			dependencies = (
			);
			name = SousChef;
			productName = SousChef;
			productReference = 3F36793C29FAE0E700CFAB9B /* SousChef.app */;
			productType = "com.apple.product-type.application";
		};
/* End PBXNativeTarget section */

/* Begin PBXProject section */
		3F36793429FAE0E700CFAB9B /* Project object */ = {
			isa = PBXProject;
			attributes = {
				BuildIndependentTargetsInParallel = 1;
				LastSwiftUpdateCheck = 1420;
				LastUpgradeCheck = 1420;
				TargetAttributes = {
					3F36793B29FAE0E700CFAB9B = {
						CreatedOnToolsVersion = 14.2;
					};
				};
			};
			buildConfigurationList = 3F36793729FAE0E700CFAB9B /* Build configuration list for PBXProject "SousChef" */;
			compatibilityVersion = "Xcode 14.0";
			developmentRegion = en;
			hasScannedForEncodings = 0;
			knownRegions = (
				en,
				Base,
			);
			mainGroup = 3F36793329FAE0E700CFAB9B;
			productRefGroup = 3F36793D29FAE0E700CFAB9B /* Products */;
			projectDirPath = "";
			projectRoot = "";
			targets = (
				3F36793B29FAE0E700CFAB9B /* SousChef */,
			);
		};
/* End PBXProject section */

/* Begin PBXResourcesBuildPhase section */
		3F36793A29FAE0E700CFAB9B /* Resources */ = {
			isa = PBXResourcesBuildPhase;
			buildActionMask = 2147483647;
			files = (
				3F36794729FAE0E900CFAB9B /* Preview Assets.xcassets in Resources */,
				3F36794429FAE0E900CFAB9B /* Assets.xcassets in Resources */,
			);
			runOnlyForDeploymentPostprocessing = 0;
		};
/* End PBXResourcesBuildPhase section */

/* Begin PBXSourcesBuildPhase section */
		3F36793829FAE0E700CFAB9B /* Sources */ = {
			isa = PBXSourcesBuildPhase;
			buildActionMask = 2147483647;
			files = (
				3F6F9A022A0BFBDE00967AAB /* InicialView.swift in Sources */,
				3F6F9A0F2A0BFC2F00967AAB /* QResultadoReceita.swift in Sources */,
				3F6F99FC2A0BFBDE00967AAB /* ViewModel.swift in Sources */,
				3F6F9A122A0BFCA900967AAB /* AuxFunctions.swift in Sources */,
				3F6F9A002A0BFBDE00967AAB /* ListasView.swift in Sources */,
				3F6F9A162A0C084200967AAB /* FiltroIngRestritosView.swift in Sources */,
				3F6F9A102A0BFC2F00967AAB /* IngredienteStruct.swift in Sources */,
				3F6F9A012A0BFBDE00967AAB /* FiltroIngDesejadosView.swift in Sources */,
				3F6F99FB2A0BFBDE00967AAB /* BuscaV2View.swift in Sources */,
				3F080E3E2A0D52EC0079F252 /* RecipeView.swift in Sources */,
				3F6F9A0E2A0BFC2F00967AAB /* ReceitaStruct.swift in Sources */,
				3F6F99FE2A0BFBDE00967AAB /* ContentView.swift in Sources */,
				3F6F9A032A0BFBDE00967AAB /* PerfilView.swift in Sources */,
				3F6F9A0D2A0BFC2F00967AAB /* QResultadoIngrediente.swift in Sources */,
				3F6F9A042A0BFBDE00967AAB /* SousChefApp.swift in Sources */,
			);
			runOnlyForDeploymentPostprocessing = 0;
		};
/* End PBXSourcesBuildPhase section */

/* Begin XCBuildConfiguration section */
		3F36794829FAE0E900CFAB9B /* Debug */ = {
			isa = XCBuildConfiguration;
			buildSettings = {
				ALWAYS_SEARCH_USER_PATHS = NO;
				CLANG_ANALYZER_NONNULL = YES;
				CLANG_ANALYZER_NUMBER_OBJECT_CONVERSION = YES_AGGRESSIVE;
				CLANG_CXX_LANGUAGE_STANDARD = "gnu++20";
				CLANG_ENABLE_MODULES = YES;
				CLANG_ENABLE_OBJC_ARC = YES;
				CLANG_ENABLE_OBJC_WEAK = YES;
				CLANG_WARN_BLOCK_CAPTURE_AUTORELEASING = YES;
				CLANG_WARN_BOOL_CONVERSION = YES;
				CLANG_WARN_COMMA = YES;
				CLANG_WARN_CONSTANT_CONVERSION = YES;
				CLANG_WARN_DEPRECATED_OBJC_IMPLEMENTATIONS = YES;
				CLANG_WARN_DIRECT_OBJC_ISA_USAGE = YES_ERROR;
				CLANG_WARN_DOCUMENTATION_COMMENTS = YES;
				CLANG_WARN_EMPTY_BODY = YES;
				CLANG_WARN_ENUM_CONVERSION = YES;
				CLANG_WARN_INFINITE_RECURSION = YES;
				CLANG_WARN_INT_CONVERSION = YES;
				CLANG_WARN_NON_LITERAL_NULL_CONVERSION = YES;
				CLANG_WARN_OBJC_IMPLICIT_RETAIN_SELF = YES;
				CLANG_WARN_OBJC_LITERAL_CONVERSION = YES;
				CLANG_WARN_OBJC_ROOT_CLASS = YES_ERROR;
				CLANG_WARN_QUOTED_INCLUDE_IN_FRAMEWORK_HEADER = YES;
				CLANG_WARN_RANGE_LOOP_ANALYSIS = YES;
				CLANG_WARN_STRICT_PROTOTYPES = YES;
				CLANG_WARN_SUSPICIOUS_MOVE = YES;
				CLANG_WARN_UNGUARDED_AVAILABILITY = YES_AGGRESSIVE;
				CLANG_WARN_UNREACHABLE_CODE = YES;
				CLANG_WARN__DUPLICATE_METHOD_MATCH = YES;
				COPY_PHASE_STRIP = NO;
				DEBUG_INFORMATION_FORMAT = dwarf;
				ENABLE_STRICT_OBJC_MSGSEND = YES;
				ENABLE_TESTABILITY = YES;
				GCC_C_LANGUAGE_STANDARD = gnu11;
				GCC_DYNAMIC_NO_PIC = NO;
				GCC_NO_COMMON_BLOCKS = YES;
				GCC_OPTIMIZATION_LEVEL = 0;
				GCC_PREPROCESSOR_DEFINITIONS = (
					"DEBUG=1",
					"$(inherited)",
				);
				GCC_WARN_64_TO_32_BIT_CONVERSION = YES;
				GCC_WARN_ABOUT_RETURN_TYPE = YES_ERROR;
				GCC_WARN_UNDECLARED_SELECTOR = YES;
				GCC_WARN_UNINITIALIZED_AUTOS = YES_AGGRESSIVE;
				GCC_WARN_UNUSED_FUNCTION = YES;
				GCC_WARN_UNUSED_VARIABLE = YES;
				IPHONEOS_DEPLOYMENT_TARGET = 16.2;
				MTL_ENABLE_DEBUG_INFO = INCLUDE_SOURCE;
				MTL_FAST_MATH = YES;
				ONLY_ACTIVE_ARCH = YES;
				SDKROOT = iphoneos;
				SWIFT_ACTIVE_COMPILATION_CONDITIONS = DEBUG;
				SWIFT_OPTIMIZATION_LEVEL = "-Onone";
			};
			name = Debug;
		};
		3F36794929FAE0E900CFAB9B /* Release */ = {
			isa = XCBuildConfiguration;
			buildSettings = {
				ALWAYS_SEARCH_USER_PATHS = NO;
				CLANG_ANALYZER_NONNULL = YES;
				CLANG_ANALYZER_NUMBER_OBJECT_CONVERSION = YES_AGGRESSIVE;
				CLANG_CXX_LANGUAGE_STANDARD = "gnu++20";
				CLANG_ENABLE_MODULES = YES;
				CLANG_ENABLE_OBJC_ARC = YES;
				CLANG_ENABLE_OBJC_WEAK = YES;
				CLANG_WARN_BLOCK_CAPTURE_AUTORELEASING = YES;
				CLANG_WARN_BOOL_CONVERSION = YES;
				CLANG_WARN_COMMA = YES;
				CLANG_WARN_CONSTANT_CONVERSION = YES;
				CLANG_WARN_DEPRECATED_OBJC_IMPLEMENTATIONS = YES;
				CLANG_WARN_DIRECT_OBJC_ISA_USAGE = YES_ERROR;
				CLANG_WARN_DOCUMENTATION_COMMENTS = YES;
				CLANG_WARN_EMPTY_BODY = YES;
				CLANG_WARN_ENUM_CONVERSION = YES;
				CLANG_WARN_INFINITE_RECURSION = YES;
				CLANG_WARN_INT_CONVERSION = YES;
				CLANG_WARN_NON_LITERAL_NULL_CONVERSION = YES;
				CLANG_WARN_OBJC_IMPLICIT_RETAIN_SELF = YES;
				CLANG_WARN_OBJC_LITERAL_CONVERSION = YES;
				CLANG_WARN_OBJC_ROOT_CLASS = YES_ERROR;
				CLANG_WARN_QUOTED_INCLUDE_IN_FRAMEWORK_HEADER = YES;
				CLANG_WARN_RANGE_LOOP_ANALYSIS = YES;
				CLANG_WARN_STRICT_PROTOTYPES = YES;
				CLANG_WARN_SUSPICIOUS_MOVE = YES;
				CLANG_WARN_UNGUARDED_AVAILABILITY = YES_AGGRESSIVE;
				CLANG_WARN_UNREACHABLE_CODE = YES;
				CLANG_WARN__DUPLICATE_METHOD_MATCH = YES;
				COPY_PHASE_STRIP = NO;
				DEBUG_INFORMATION_FORMAT = "dwarf-with-dsym";
				ENABLE_NS_ASSERTIONS = NO;
				ENABLE_STRICT_OBJC_MSGSEND = YES;
				GCC_C_LANGUAGE_STANDARD = gnu11;
				GCC_NO_COMMON_BLOCKS = YES;
				GCC_WARN_64_TO_32_BIT_CONVERSION = YES;
				GCC_WARN_ABOUT_RETURN_TYPE = YES_ERROR;
				GCC_WARN_UNDECLARED_SELECTOR = YES;
				GCC_WARN_UNINITIALIZED_AUTOS = YES_AGGRESSIVE;
				GCC_WARN_UNUSED_FUNCTION = YES;
				GCC_WARN_UNUSED_VARIABLE = YES;
				IPHONEOS_DEPLOYMENT_TARGET = 16.2;
				MTL_ENABLE_DEBUG_INFO = NO;
				MTL_FAST_MATH = YES;
				SDKROOT = iphoneos;
				SWIFT_COMPILATION_MODE = wholemodule;
				SWIFT_OPTIMIZATION_LEVEL = "-O";
				VALIDATE_PRODUCT = YES;
			};
			name = Release;
		};
		3F36794B29FAE0E900CFAB9B /* Debug */ = {
			isa = XCBuildConfiguration;
			buildSettings = {
				ASSETCATALOG_COMPILER_APPICON_NAME = AppIcon;
				ASSETCATALOG_COMPILER_GLOBAL_ACCENT_COLOR_NAME = AccentColor;
				CODE_SIGN_IDENTITY = "Apple Development";
				CODE_SIGN_STYLE = Automatic;
				CURRENT_PROJECT_VERSION = 1;
				DEVELOPMENT_ASSET_PATHS = "\"SousChef/Preview Content\"";
				DEVELOPMENT_TEAM = SZ3GPB52NA;
				ENABLE_PREVIEWS = YES;
				GENERATE_INFOPLIST_FILE = YES;
				INFOPLIST_KEY_UIApplicationSceneManifest_Generation = YES;
				INFOPLIST_KEY_UIApplicationSupportsIndirectInputEvents = YES;
				INFOPLIST_KEY_UILaunchScreen_Generation = YES;
				INFOPLIST_KEY_UISupportedInterfaceOrientations_iPad = "UIInterfaceOrientationPortrait UIInterfaceOrientationPortraitUpsideDown UIInterfaceOrientationLandscapeLeft UIInterfaceOrientationLandscapeRight";
				INFOPLIST_KEY_UISupportedInterfaceOrientations_iPhone = "UIInterfaceOrientationPortrait UIInterfaceOrientationLandscapeLeft UIInterfaceOrientationLandscapeRight";
				LD_RUNPATH_SEARCH_PATHS = (
					"$(inherited)",
					"@executable_path/Frameworks",
				);
				MARKETING_VERSION = 1.0;
				PRODUCT_BUNDLE_IDENTIFIER = com.br.hackatruck.tarde.dri.SousChef;
				PRODUCT_NAME = "$(TARGET_NAME)";
				PROVISIONING_PROFILE_SPECIFIER = "";
				SWIFT_EMIT_LOC_STRINGS = YES;
				SWIFT_VERSION = 5.0;
				TARGETED_DEVICE_FAMILY = "1,2";
			};
			name = Debug;
		};
		3F36794C29FAE0E900CFAB9B /* Release */ = {
			isa = XCBuildConfiguration;
			buildSettings = {
				ASSETCATALOG_COMPILER_APPICON_NAME = AppIcon;
				ASSETCATALOG_COMPILER_GLOBAL_ACCENT_COLOR_NAME = AccentColor;
				CODE_SIGN_IDENTITY = "Apple Development";
				CODE_SIGN_STYLE = Automatic;
				CURRENT_PROJECT_VERSION = 1;
				DEVELOPMENT_ASSET_PATHS = "\"SousChef/Preview Content\"";
				DEVELOPMENT_TEAM = SZ3GPB52NA;
				ENABLE_PREVIEWS = YES;
				GENERATE_INFOPLIST_FILE = YES;
				INFOPLIST_KEY_UIApplicationSceneManifest_Generation = YES;
				INFOPLIST_KEY_UIApplicationSupportsIndirectInputEvents = YES;
				INFOPLIST_KEY_UILaunchScreen_Generation = YES;
				INFOPLIST_KEY_UISupportedInterfaceOrientations_iPad = "UIInterfaceOrientationPortrait UIInterfaceOrientationPortraitUpsideDown UIInterfaceOrientationLandscapeLeft UIInterfaceOrientationLandscapeRight";
				INFOPLIST_KEY_UISupportedInterfaceOrientations_iPhone = "UIInterfaceOrientationPortrait UIInterfaceOrientationLandscapeLeft UIInterfaceOrientationLandscapeRight";
				LD_RUNPATH_SEARCH_PATHS = (
					"$(inherited)",
					"@executable_path/Frameworks",
				);
				MARKETING_VERSION = 1.0;
				PRODUCT_BUNDLE_IDENTIFIER = com.br.hackatruck.tarde.dri.SousChef;
				PRODUCT_NAME = "$(TARGET_NAME)";
				PROVISIONING_PROFILE_SPECIFIER = "";
				SWIFT_EMIT_LOC_STRINGS = YES;
				SWIFT_VERSION = 5.0;
				TARGETED_DEVICE_FAMILY = "1,2";
			};
			name = Release;
		};
/* End XCBuildConfiguration section */

/* Begin XCConfigurationList section */
		3F36793729FAE0E700CFAB9B /* Build configuration list for PBXProject "SousChef" */ = {
			isa = XCConfigurationList;
			buildConfigurations = (
				3F36794829FAE0E900CFAB9B /* Debug */,
				3F36794929FAE0E900CFAB9B /* Release */,
			);
			defaultConfigurationIsVisible = 0;
			defaultConfigurationName = Release;
		};
		3F36794A29FAE0E900CFAB9B /* Build configuration list for PBXNativeTarget "SousChef" */ = {
			isa = XCConfigurationList;
			buildConfigurations = (
				3F36794B29FAE0E900CFAB9B /* Debug */,
				3F36794C29FAE0E900CFAB9B /* Release */,
			);
			defaultConfigurationIsVisible = 0;
			defaultConfigurationName = Release;
		};
/* End XCConfigurationList section */
	};
	rootObject = 3F36793429FAE0E700CFAB9B /* Project object */;
}
